
Microsoft Visual Studio Solution File, Format Version 12.00
# Visual Studio 2013
VisualStudioVersion = 12.0.31101.0
MinimumVisualStudioVersion = 10.0.40219.1
Project("{FAE04EC0-301F-11D3-BF4B-00C04F79EFBC}") = "Candy.Framework", "Candy.Framework\Candy.Framework.csproj", "{0E639FB6-079C-460E-BFC9-DF6B28E17A09}"
EndProject
Project("{FAE04EC0-301F-11D3-BF4B-00C04F79EFBC}") = "Candy.Core", "Candy.Core\Candy.Core.csproj", "{77B662FF-BA21-48C0-8B8D-D77635B9D3D0}"
EndProject
Project("{2150E333-8FDC-42A3-9474-1A3956D46DE8}") = "Plugins", "Plugins", "{6395AEB6-FAFD-4F46-8C0E-D0C9A5A9320C}"
EndProject
Project("{FAE04EC0-301F-11D3-BF4B-00C04F79EFBC}") = "Candy.Web", "Candy.Web\Candy.Web.csproj", "{2D688CE8-0B9D-4C8A-BCD9-6BD5796480A9}"
EndProject
Project("{2150E333-8FDC-42A3-9474-1A3956D46DE8}") = "Tests", "Tests", "{4B425F20-29E3-4A57-A53C-46D729D6C0A1}"
EndProject
Project("{2150E333-8FDC-42A3-9474-1A3956D46DE8}") = "Themes", "Themes", "{F0E8EE71-199B-4CD5-8B59-358DA59C4C5A}"
EndProject
Project("{FAE04EC0-301F-11D3-BF4B-00C04F79EFBC}") = "Candy.Core.Test", "Tests\Candy.Core.Test\Candy.Core.Test.csproj", "{F7D04D24-C9BE-45DC-9983-B5A29CA7EE5A}"
EndProject
Project("{FAE04EC0-301F-11D3-BF4B-00C04F79EFBC}") = "Candy.Framework.Test", "Tests\Candy.Framework.Test\Candy.Framework.Test.csproj", "{511861B7-59D2-41E0-9F08-D931576137FB}"
EndProject
Project("{FAE04EC0-301F-11D3-BF4B-00C04F79EFBC}") = "Candy.Plugin.Test", "Tests\Candy.Plugin.Test\Candy.Plugin.Test.csproj", "{58DD12D2-CA90-414A-9B33-12F6EFA4F2DF}"
EndProject
Project("{FAE04EC0-301F-11D3-BF4B-00C04F79EFBC}") = "Candy.Plugin.Admin", "Plugins\Candy.Plugin.Admin\Candy.Plugin.Admin.csproj", "{EE3207F0-DA88-4FC6-9077-DEFEE2E42424}"
EndProject
Project("{FAE04EC0-301F-11D3-BF4B-00C04F79EFBC}") = "Candy.Plugin.Install", "Plugins\Candy.Plugin.Install\Candy.Plugin.Install.csproj", "{6C6780AA-DC41-45D1-96D8-04CAB3D66C38}"
EndProject
Project("{FAE04EC0-301F-11D3-BF4B-00C04F79EFBC}") = "Candy.Theme.Default", "Themes\Candy.Theme.Default\Candy.Theme.Default.csproj", "{DC9E595C-83AC-416E-AC85-A136F58CC873}"
EndProject
Global
	GlobalSection(SolutionConfigurationPlatforms) = preSolution
		Debug|Any CPU = Debug|Any CPU
		Release|Any CPU = Release|Any CPU
	EndGlobalSection
	GlobalSection(ProjectConfigurationPlatforms) = postSolution
		{0E639FB6-079C-460E-BFC9-DF6B28E17A09}.Debug|Any CPU.ActiveCfg = Debug|Any CPU
		{0E639FB6-079C-460E-BFC9-DF6B28E17A09}.Debug|Any CPU.Build.0 = Debug|Any CPU
		{0E639FB6-079C-460E-BFC9-DF6B28E17A09}.Release|Any CPU.ActiveCfg = Release|Any CPU
		{0E639FB6-079C-460E-BFC9-DF6B28E17A09}.Release|Any CPU.Build.0 = Release|Any CPU
		{77B662FF-BA21-48C0-8B8D-D77635B9D3D0}.Debug|Any CPU.ActiveCfg = Debug|Any CPU
		{77B662FF-BA21-48C0-8B8D-D77635B9D3D0}.Debug|Any CPU.Build.0 = Debug|Any CPU
		{77B662FF-BA21-48C0-8B8D-D77635B9D3D0}.Release|Any CPU.ActiveCfg = Release|Any CPU
		{77B662FF-BA21-48C0-8B8D-D77635B9D3D0}.Release|Any CPU.Build.0 = Release|Any CPU
		{2D688CE8-0B9D-4C8A-BCD9-6BD5796480A9}.Debug|Any CPU.ActiveCfg = Debug|Any CPU
		{2D688CE8-0B9D-4C8A-BCD9-6BD5796480A9}.Debug|Any CPU.Build.0 = Debug|Any CPU
		{2D688CE8-0B9D-4C8A-BCD9-6BD5796480A9}.Release|Any CPU.ActiveCfg = Release|Any CPU
		{2D688CE8-0B9D-4C8A-BCD9-6BD5796480A9}.Release|Any CPU.Build.0 = Release|Any CPU
		{F7D04D24-C9BE-45DC-9983-B5A29CA7EE5A}.Debug|Any CPU.ActiveCfg = Debug|Any CPU
		{F7D04D24-C9BE-45DC-9983-B5A29CA7EE5A}.Debug|Any CPU.Build.0 = Debug|Any CPU
		{F7D04D24-C9BE-45DC-9983-B5A29CA7EE5A}.Release|Any CPU.ActiveCfg = Release|Any CPU
		{F7D04D24-C9BE-45DC-9983-B5A29CA7EE5A}.Release|Any CPU.Build.0 = Release|Any CPU
		{511861B7-59D2-41E0-9F08-D931576137FB}.Debug|Any CPU.ActiveCfg = Debug|Any CPU
		{511861B7-59D2-41E0-9F08-D931576137FB}.Debug|Any CPU.Build.0 = Debug|Any CPU
		{511861B7-59D2-41E0-9F08-D931576137FB}.Release|Any CPU.ActiveCfg = Release|Any CPU
		{511861B7-59D2-41E0-9F08-D931576137FB}.Release|Any CPU.Build.0 = Release|Any CPU
		{58DD12D2-CA90-414A-9B33-12F6EFA4F2DF}.Debug|Any CPU.ActiveCfg = Debug|Any CPU
		{58DD12D2-CA90-414A-9B33-12F6EFA4F2DF}.Debug|Any CPU.Build.0 = Debug|Any CPU
		{58DD12D2-CA90-414A-9B33-12F6EFA4F2DF}.Release|Any CPU.ActiveCfg = Release|Any CPU
		{58DD12D2-CA90-414A-9B33-12F6EFA4F2DF}.Release|Any CPU.Build.0 = Release|Any CPU
		{EE3207F0-DA88-4FC6-9077-DEFEE2E42424}.Debug|Any CPU.ActiveCfg = Debug|Any CPU
		{EE3207F0-DA88-4FC6-9077-DEFEE2E42424}.Debug|Any CPU.Build.0 = Debug|Any CPU
		{EE3207F0-DA88-4FC6-9077-DEFEE2E42424}.Release|Any CPU.ActiveCfg = Release|Any CPU
		{EE3207F0-DA88-4FC6-9077-DEFEE2E42424}.Release|Any CPU.Build.0 = Release|Any CPU
		{6C6780AA-DC41-45D1-96D8-04CAB3D66C38}.Debug|Any CPU.ActiveCfg = Debug|Any CPU
		{6C6780AA-DC41-45D1-96D8-04CAB3D66C38}.Debug|Any CPU.Build.0 = Debug|Any CPU
		{6C6780AA-DC41-45D1-96D8-04CAB3D66C38}.Release|Any CPU.ActiveCfg = Release|Any CPU
		{6C6780AA-DC41-45D1-96D8-04CAB3D66C38}.Release|Any CPU.Build.0 = Release|Any CPU
		{DC9E595C-83AC-416E-AC85-A136F58CC873}.Debug|Any CPU.ActiveCfg = Debug|Any CPU
		{DC9E595C-83AC-416E-AC85-A136F58CC873}.Debug|Any CPU.Build.0 = Debug|Any CPU
		{DC9E595C-83AC-416E-AC85-A136F58CC873}.Release|Any CPU.ActiveCfg = Release|Any CPU
		{DC9E595C-83AC-416E-AC85-A136F58CC873}.Release|Any CPU.Build.0 = Release|Any CPU
	EndGlobalSection
	GlobalSection(SolutionProperties) = preSolution
		HideSolutionNode = FALSE
	EndGlobalSection
	GlobalSection(NestedProjects) = preSolution
		{F7D04D24-C9BE-45DC-9983-B5A29CA7EE5A} = {4B425F20-29E3-4A57-A53C-46D729D6C0A1}
		{511861B7-59D2-41E0-9F08-D931576137FB} = {4B425F20-29E3-4A57-A53C-46D729D6C0A1}
		{58DD12D2-CA90-414A-9B33-12F6EFA4F2DF} = {4B425F20-29E3-4A57-A53C-46D729D6C0A1}
		{EE3207F0-DA88-4FC6-9077-DEFEE2E42424} = {6395AEB6-FAFD-4F46-8C0E-D0C9A5A9320C}
		{6C6780AA-DC41-45D1-96D8-04CAB3D66C38} = {6395AEB6-FAFD-4F46-8C0E-D0C9A5A9320C}
		{DC9E595C-83AC-416E-AC85-A136F58CC873} = {F0E8EE71-199B-4CD5-8B59-358DA59C4C5A}
	EndGlobalSection
EndGlobal
